
Microsoft Visual Studio Solution File, Format Version 12.00
# Visual Studio Version 17
VisualStudioVersion = 17.4.33213.308
MinimumVisualStudioVersion = 10.0.40219.1
Project("{9A19103F-16F7-4668-BE54-9A1E7A4F7556}") = "StretchArmstrong", "StretchArmstrong.csproj", "{3D5B908A-6747-47D2-899F-3ED63D5664D7}"
EndProject
Global
	GlobalSection(SolutionConfigurationPlatforms) = preSolution
		Debug|Any CPU = Debug|Any CPU
		Release|Any CPU = Release|Any CPU
	EndGlobalSection
	GlobalSection(ProjectConfigurationPlatforms) = postSolution
		{3D5B908A-6747-47D2-899F-3ED63D5664D7}.Debug|Any CPU.ActiveCfg = Debug|Any CPU
		{3D5B908A-6747-47D2-899F-3ED63D5664D7}.Debug|Any CPU.Build.0 = Debug|Any CPU
		{3D5B908A-6747-47D2-899F-3ED63D5664D7}.Release|Any CPU.ActiveCfg = Release|Any CPU
		{3D5B908A-6747-47D2-899F-3ED63D5664D7}.Release|Any CPU.Build.0 = Release|Any CPU
	EndGlobalSection
	GlobalSection(SolutionProperties) = preSolution
		HideSolutionNode = FALSE
	EndGlobalSection
	GlobalSection(ExtensibilityGlobals) = postSolution
		SolutionGuid = {6399DD80-6424-4072-9951-BCF8D533E436}
	EndGlobalSection
EndGlobal
